// !$*UTF8*$!
{
	archiveVersion = 1;
	classes = {
	};
	objectVersion = 50;
	objects = {

/* Begin PBXBuildFile section */
		A21FA1692363EBBF0053FF01 /* TextFieldWithColoredBorder.swift in Sources */ = {isa = PBXBuildFile; fileRef = A21FA1682363EBBF0053FF01 /* TextFieldWithColoredBorder.swift */; };
		A21FA16B2363ECDC0053FF01 /* SecureFieldWithColoredBorder.swift in Sources */ = {isa = PBXBuildFile; fileRef = A21FA16A2363ECDC0053FF01 /* SecureFieldWithColoredBorder.swift */; };
		A21FA16D2364059C0053FF01 /* CreateAccountTermsAndConditions.swift in Sources */ = {isa = PBXBuildFile; fileRef = A21FA16C2364059C0053FF01 /* CreateAccountTermsAndConditions.swift */; };
		A21FA16F236406610053FF01 /* ForgotPassword.swift in Sources */ = {isa = PBXBuildFile; fileRef = A21FA16E236406610053FF01 /* ForgotPassword.swift */; };
		A21FA1762364C1080053FF01 /* AccountCreationPhoneNumOrEmail.swift in Sources */ = {isa = PBXBuildFile; fileRef = A21FA1752364C1080053FF01 /* AccountCreationPhoneNumOrEmail.swift */; };
		A21FA1782364CA9F0053FF01 /* AccountCreationName.swift in Sources */ = {isa = PBXBuildFile; fileRef = A21FA1772364CA9F0053FF01 /* AccountCreationName.swift */; };
		A238B29B2362246A0061A50C /* AppDelegate.swift in Sources */ = {isa = PBXBuildFile; fileRef = A238B29A2362246A0061A50C /* AppDelegate.swift */; };
		A238B29D2362246A0061A50C /* SceneDelegate.swift in Sources */ = {isa = PBXBuildFile; fileRef = A238B29C2362246A0061A50C /* SceneDelegate.swift */; };
		A238B29F2362246A0061A50C /* ContentView.swift in Sources */ = {isa = PBXBuildFile; fileRef = A238B29E2362246A0061A50C /* ContentView.swift */; };
		A238B2A12362246C0061A50C /* Assets.xcassets in Resources */ = {isa = PBXBuildFile; fileRef = A238B2A02362246C0061A50C /* Assets.xcassets */; };
		A238B2A42362246C0061A50C /* Preview Assets.xcassets in Resources */ = {isa = PBXBuildFile; fileRef = A238B2A32362246C0061A50C /* Preview Assets.xcassets */; };
		A238B2A72362246C0061A50C /* LaunchScreen.storyboard in Resources */ = {isa = PBXBuildFile; fileRef = A238B2A52362246C0061A50C /* LaunchScreen.storyboard */; };
		A25236CA23654B39006AFB9A /* AccountCreationBirthday.swift in Sources */ = {isa = PBXBuildFile; fileRef = A25236C923654B39006AFB9A /* AccountCreationBirthday.swift */; };
		A2674E882364F3E200E2316E /* ContinueButton.swift in Sources */ = {isa = PBXBuildFile; fileRef = A2674E872364F3E200E2316E /* ContinueButton.swift */; };
		A2ABCD942362505B005D85C5 /* HomeScreen.swift in Sources */ = {isa = PBXBuildFile; fileRef = A2ABCD932362505B005D85C5 /* HomeScreen.swift */; };
		A2ABCD962362566A005D85C5 /* LoginScreen.swift in Sources */ = {isa = PBXBuildFile; fileRef = A2ABCD952362566A005D85C5 /* LoginScreen.swift */; };
		A2FA2B6623636E9900746596 /* User.swift in Sources */ = {isa = PBXBuildFile; fileRef = A2FA2B6523636E9900746596 /* User.swift */; };
		A2FA2B68236370FA00746596 /* MyDatabase.swift in Sources */ = {isa = PBXBuildFile; fileRef = A2FA2B67236370FA00746596 /* MyDatabase.swift */; };
		A2FA2B6A2363710D00746596 /* Charity.swift in Sources */ = {isa = PBXBuildFile; fileRef = A2FA2B692363710D00746596 /* Charity.swift */; };
		A2FA2B6C236371B100746596 /* Business.swift in Sources */ = {isa = PBXBuildFile; fileRef = A2FA2B6B236371B100746596 /* Business.swift */; };
		A2FA2B6E236373B400746596 /* Post.swift in Sources */ = {isa = PBXBuildFile; fileRef = A2FA2B6D236373B400746596 /* Post.swift */; };
		A2FA2B70236373F500746596 /* Mission.swift in Sources */ = {isa = PBXBuildFile; fileRef = A2FA2B6F236373F500746596 /* Mission.swift */; };
/* End PBXBuildFile section */

/* Begin PBXFileReference section */
		A21FA1682363EBBF0053FF01 /* TextFieldWithColoredBorder.swift */ = {isa = PBXFileReference; lastKnownFileType = sourcecode.swift; path = TextFieldWithColoredBorder.swift; sourceTree = "<group>"; };
		A21FA16A2363ECDC0053FF01 /* SecureFieldWithColoredBorder.swift */ = {isa = PBXFileReference; lastKnownFileType = sourcecode.swift; path = SecureFieldWithColoredBorder.swift; sourceTree = "<group>"; };
		A21FA16C2364059C0053FF01 /* CreateAccountTermsAndConditions.swift */ = {isa = PBXFileReference; lastKnownFileType = sourcecode.swift; path = CreateAccountTermsAndConditions.swift; sourceTree = "<group>"; };
		A21FA16E236406610053FF01 /* ForgotPassword.swift */ = {isa = PBXFileReference; lastKnownFileType = sourcecode.swift; path = ForgotPassword.swift; sourceTree = "<group>"; };
		A21FA1752364C1080053FF01 /* AccountCreationPhoneNumOrEmail.swift */ = {isa = PBXFileReference; lastKnownFileType = sourcecode.swift; path = AccountCreationPhoneNumOrEmail.swift; sourceTree = "<group>"; };
		A21FA1772364CA9F0053FF01 /* AccountCreationName.swift */ = {isa = PBXFileReference; lastKnownFileType = sourcecode.swift; path = AccountCreationName.swift; sourceTree = "<group>"; };
		A238B2972362246A0061A50C /* Ripple_SwiftUI.app */ = {isa = PBXFileReference; explicitFileType = wrapper.application; includeInIndex = 0; path = Ripple_SwiftUI.app; sourceTree = BUILT_PRODUCTS_DIR; };
		A238B29A2362246A0061A50C /* AppDelegate.swift */ = {isa = PBXFileReference; lastKnownFileType = sourcecode.swift; path = AppDelegate.swift; sourceTree = "<group>"; };
		A238B29C2362246A0061A50C /* SceneDelegate.swift */ = {isa = PBXFileReference; lastKnownFileType = sourcecode.swift; path = SceneDelegate.swift; sourceTree = "<group>"; };
		A238B29E2362246A0061A50C /* ContentView.swift */ = {isa = PBXFileReference; lastKnownFileType = sourcecode.swift; path = ContentView.swift; sourceTree = "<group>"; };
		A238B2A02362246C0061A50C /* Assets.xcassets */ = {isa = PBXFileReference; lastKnownFileType = folder.assetcatalog; path = Assets.xcassets; sourceTree = "<group>"; };
		A238B2A32362246C0061A50C /* Preview Assets.xcassets */ = {isa = PBXFileReference; lastKnownFileType = folder.assetcatalog; path = "Preview Assets.xcassets"; sourceTree = "<group>"; };
		A238B2A62362246C0061A50C /* Base */ = {isa = PBXFileReference; lastKnownFileType = file.storyboard; name = Base; path = Base.lproj/LaunchScreen.storyboard; sourceTree = "<group>"; };
		A238B2A82362246C0061A50C /* Info.plist */ = {isa = PBXFileReference; lastKnownFileType = text.plist.xml; path = Info.plist; sourceTree = "<group>"; };
		A25236C923654B39006AFB9A /* AccountCreationBirthday.swift */ = {isa = PBXFileReference; lastKnownFileType = sourcecode.swift; path = AccountCreationBirthday.swift; sourceTree = "<group>"; };
		A2674E872364F3E200E2316E /* ContinueButton.swift */ = {isa = PBXFileReference; lastKnownFileType = sourcecode.swift; path = ContinueButton.swift; sourceTree = "<group>"; };
		A2ABCD932362505B005D85C5 /* HomeScreen.swift */ = {isa = PBXFileReference; lastKnownFileType = sourcecode.swift; path = HomeScreen.swift; sourceTree = "<group>"; };
		A2ABCD952362566A005D85C5 /* LoginScreen.swift */ = {isa = PBXFileReference; lastKnownFileType = sourcecode.swift; path = LoginScreen.swift; sourceTree = "<group>"; };
		A2FA2B6523636E9900746596 /* User.swift */ = {isa = PBXFileReference; lastKnownFileType = sourcecode.swift; path = User.swift; sourceTree = "<group>"; };
		A2FA2B67236370FA00746596 /* MyDatabase.swift */ = {isa = PBXFileReference; lastKnownFileType = sourcecode.swift; path = MyDatabase.swift; sourceTree = "<group>"; };
		A2FA2B692363710D00746596 /* Charity.swift */ = {isa = PBXFileReference; lastKnownFileType = sourcecode.swift; path = Charity.swift; sourceTree = "<group>"; };
		A2FA2B6B236371B100746596 /* Business.swift */ = {isa = PBXFileReference; lastKnownFileType = sourcecode.swift; path = Business.swift; sourceTree = "<group>"; };
		A2FA2B6D236373B400746596 /* Post.swift */ = {isa = PBXFileReference; lastKnownFileType = sourcecode.swift; path = Post.swift; sourceTree = "<group>"; };
		A2FA2B6F236373F500746596 /* Mission.swift */ = {isa = PBXFileReference; lastKnownFileType = sourcecode.swift; path = Mission.swift; sourceTree = "<group>"; };
/* End PBXFileReference section */

/* Begin PBXFrameworksBuildPhase section */
		A238B2942362246A0061A50C /* Frameworks */ = {
			isa = PBXFrameworksBuildPhase;
			buildActionMask = 2147483647;
			files = (
			);
			runOnlyForDeploymentPostprocessing = 0;
		};
/* End PBXFrameworksBuildPhase section */

/* Begin PBXGroup section */
		A21FA1742364BE4C0053FF01 /* Account Creation */ = {
			isa = PBXGroup;
			children = (
				A21FA16C2364059C0053FF01 /* CreateAccountTermsAndConditions.swift */,
				A21FA1752364C1080053FF01 /* AccountCreationPhoneNumOrEmail.swift */,
				A21FA1772364CA9F0053FF01 /* AccountCreationName.swift */,
				A25236C923654B39006AFB9A /* AccountCreationBirthday.swift */,
			);
			path = "Account Creation";
			sourceTree = "<group>";
		};
		A238B28E2362246A0061A50C = {
			isa = PBXGroup;
			children = (
				A238B2992362246A0061A50C /* Ripple_SwiftUI */,
				A238B2982362246A0061A50C /* Products */,
			);
			sourceTree = "<group>";
		};
		A238B2982362246A0061A50C /* Products */ = {
			isa = PBXGroup;
			children = (
				A238B2972362246A0061A50C /* Ripple_SwiftUI.app */,
			);
			name = Products;
			sourceTree = "<group>";
		};
		A238B2992362246A0061A50C /* Ripple_SwiftUI */ = {
			isa = PBXGroup;
			children = (
				A238B29A2362246A0061A50C /* AppDelegate.swift */,
				A238B29C2362246A0061A50C /* SceneDelegate.swift */,
				A238B29E2362246A0061A50C /* ContentView.swift */,
				A2ABCD952362566A005D85C5 /* LoginScreen.swift */,
				A2674E892364F3F500E2316E /* Custom Objects */,
				A2ABCD932362505B005D85C5 /* HomeScreen.swift */,
				A21FA1742364BE4C0053FF01 /* Account Creation */,
				A21FA16E236406610053FF01 /* ForgotPassword.swift */,
				A238B2A02362246C0061A50C /* Assets.xcassets */,
				A238B2A52362246C0061A50C /* LaunchScreen.storyboard */,
				A238B2A82362246C0061A50C /* Info.plist */,
				A238B2A22362246C0061A50C /* Preview Content */,
				A2FA2B712363744600746596 /* Models */,
			);
			path = Ripple_SwiftUI;
			sourceTree = "<group>";
		};
		A238B2A22362246C0061A50C /* Preview Content */ = {
			isa = PBXGroup;
			children = (
				A238B2A32362246C0061A50C /* Preview Assets.xcassets */,
			);
			path = "Preview Content";
			sourceTree = "<group>";
		};
		A2674E892364F3F500E2316E /* Custom Objects */ = {
			isa = PBXGroup;
			children = (
				A21FA1682363EBBF0053FF01 /* TextFieldWithColoredBorder.swift */,
				A21FA16A2363ECDC0053FF01 /* SecureFieldWithColoredBorder.swift */,
				A2674E872364F3E200E2316E /* ContinueButton.swift */,
			);
			path = "Custom Objects";
			sourceTree = "<group>";
		};
		A2FA2B712363744600746596 /* Models */ = {
			isa = PBXGroup;
			children = (
				A2FA2B67236370FA00746596 /* MyDatabase.swift */,
				A2FA2B6523636E9900746596 /* User.swift */,
				A2FA2B692363710D00746596 /* Charity.swift */,
				A2FA2B6B236371B100746596 /* Business.swift */,
				A2FA2B6D236373B400746596 /* Post.swift */,
				A2FA2B6F236373F500746596 /* Mission.swift */,
			);
			path = Models;
			sourceTree = "<group>";
		};
/* End PBXGroup section */

/* Begin PBXNativeTarget section */
		A238B2962362246A0061A50C /* Ripple_SwiftUI */ = {
			isa = PBXNativeTarget;
			buildConfigurationList = A238B2AB2362246C0061A50C /* Build configuration list for PBXNativeTarget "Ripple_SwiftUI" */;
			buildPhases = (
				A238B2932362246A0061A50C /* Sources */,
				A238B2942362246A0061A50C /* Frameworks */,
				A238B2952362246A0061A50C /* Resources */,
			);
			buildRules = (
			);
			dependencies = (
			);
			name = Ripple_SwiftUI;
			productName = Ripple_SwiftUI;
			productReference = A238B2972362246A0061A50C /* Ripple_SwiftUI.app */;
			productType = "com.apple.product-type.application";
		};
/* End PBXNativeTarget section */

/* Begin PBXProject section */
		A238B28F2362246A0061A50C /* Project object */ = {
			isa = PBXProject;
			attributes = {
				LastSwiftUpdateCheck = 1110;
				LastUpgradeCheck = 1110;
				ORGANIZATIONNAME = "justin frazer";
				TargetAttributes = {
					A238B2962362246A0061A50C = {
						CreatedOnToolsVersion = 11.1;
					};
				};
			};
			buildConfigurationList = A238B2922362246A0061A50C /* Build configuration list for PBXProject "Ripple_SwiftUI" */;
			compatibilityVersion = "Xcode 9.3";
			developmentRegion = en;
			hasScannedForEncodings = 0;
			knownRegions = (
				en,
				Base,
			);
			mainGroup = A238B28E2362246A0061A50C;
			productRefGroup = A238B2982362246A0061A50C /* Products */;
			projectDirPath = "";
			projectRoot = "";
			targets = (
				A238B2962362246A0061A50C /* Ripple_SwiftUI */,
			);
		};
/* End PBXProject section */

/* Begin PBXResourcesBuildPhase section */
		A238B2952362246A0061A50C /* Resources */ = {
			isa = PBXResourcesBuildPhase;
			buildActionMask = 2147483647;
			files = (
				A238B2A72362246C0061A50C /* LaunchScreen.storyboard in Resources */,
				A238B2A42362246C0061A50C /* Preview Assets.xcassets in Resources */,
				A238B2A12362246C0061A50C /* Assets.xcassets in Resources */,
			);
			runOnlyForDeploymentPostprocessing = 0;
		};
/* End PBXResourcesBuildPhase section */

/* Begin PBXSourcesBuildPhase section */
		A238B2932362246A0061A50C /* Sources */ = {
			isa = PBXSourcesBuildPhase;
			buildActionMask = 2147483647;
			files = (
				A2FA2B70236373F500746596 /* Mission.swift in Sources */,
				A2ABCD942362505B005D85C5 /* HomeScreen.swift in Sources */,
				A2FA2B6623636E9900746596 /* User.swift in Sources */,
				A238B29B2362246A0061A50C /* AppDelegate.swift in Sources */,
				A2FA2B68236370FA00746596 /* MyDatabase.swift in Sources */,
				A2FA2B6A2363710D00746596 /* Charity.swift in Sources */,
				A2674E882364F3E200E2316E /* ContinueButton.swift in Sources */,
				A21FA1782364CA9F0053FF01 /* AccountCreationName.swift in Sources */,
				A21FA16B2363ECDC0053FF01 /* SecureFieldWithColoredBorder.swift in Sources */,
				A238B29D2362246A0061A50C /* SceneDelegate.swift in Sources */,
				A21FA1762364C1080053FF01 /* AccountCreationPhoneNumOrEmail.swift in Sources */,
				A2FA2B6C236371B100746596 /* Business.swift in Sources */,
				A21FA1692363EBBF0053FF01 /* TextFieldWithColoredBorder.swift in Sources */,
				A25236CA23654B39006AFB9A /* AccountCreationBirthday.swift in Sources */,
				A238B29F2362246A0061A50C /* ContentView.swift in Sources */,
				A21FA16D2364059C0053FF01 /* CreateAccountTermsAndConditions.swift in Sources */,
				A2ABCD962362566A005D85C5 /* LoginScreen.swift in Sources */,
				A2FA2B6E236373B400746596 /* Post.swift in Sources */,
				A21FA16F236406610053FF01 /* ForgotPassword.swift in Sources */,
			);
			runOnlyForDeploymentPostprocessing = 0;
		};
/* End PBXSourcesBuildPhase section */

/* Begin PBXVariantGroup section */
		A238B2A52362246C0061A50C /* LaunchScreen.storyboard */ = {
			isa = PBXVariantGroup;
			children = (
				A238B2A62362246C0061A50C /* Base */,
			);
			name = LaunchScreen.storyboard;
			sourceTree = "<group>";
		};
/* End PBXVariantGroup section */

/* Begin XCBuildConfiguration section */
		A238B2A92362246C0061A50C /* Debug */ = {
			isa = XCBuildConfiguration;
			buildSettings = {
				ALWAYS_SEARCH_USER_PATHS = NO;
				CLANG_ANALYZER_NONNULL = YES;
				CLANG_ANALYZER_NUMBER_OBJECT_CONVERSION = YES_AGGRESSIVE;
				CLANG_CXX_LANGUAGE_STANDARD = "gnu++14";
				CLANG_CXX_LIBRARY = "libc++";
				CLANG_ENABLE_MODULES = YES;
				CLANG_ENABLE_OBJC_ARC = YES;
				CLANG_ENABLE_OBJC_WEAK = YES;
				CLANG_WARN_BLOCK_CAPTURE_AUTORELEASING = YES;
				CLANG_WARN_BOOL_CONVERSION = YES;
				CLANG_WARN_COMMA = YES;
				CLANG_WARN_CONSTANT_CONVERSION = YES;
				CLANG_WARN_DEPRECATED_OBJC_IMPLEMENTATIONS = YES;
				CLANG_WARN_DIRECT_OBJC_ISA_USAGE = YES_ERROR;
				CLANG_WARN_DOCUMENTATION_COMMENTS = YES;
				CLANG_WARN_EMPTY_BODY = YES;
				CLANG_WARN_ENUM_CONVERSION = YES;
				CLANG_WARN_INFINITE_RECURSION = YES;
				CLANG_WARN_INT_CONVERSION = YES;
				CLANG_WARN_NON_LITERAL_NULL_CONVERSION = YES;
				CLANG_WARN_OBJC_IMPLICIT_RETAIN_SELF = YES;
				CLANG_WARN_OBJC_LITERAL_CONVERSION = YES;
				CLANG_WARN_OBJC_ROOT_CLASS = YES_ERROR;
				CLANG_WARN_RANGE_LOOP_ANALYSIS = YES;
				CLANG_WARN_STRICT_PROTOTYPES = YES;
				CLANG_WARN_SUSPICIOUS_MOVE = YES;
				CLANG_WARN_UNGUARDED_AVAILABILITY = YES_AGGRESSIVE;
				CLANG_WARN_UNREACHABLE_CODE = YES;
				CLANG_WARN__DUPLICATE_METHOD_MATCH = YES;
				COPY_PHASE_STRIP = NO;
				DEBUG_INFORMATION_FORMAT = dwarf;
				ENABLE_STRICT_OBJC_MSGSEND = YES;
				ENABLE_TESTABILITY = YES;
				GCC_C_LANGUAGE_STANDARD = gnu11;
				GCC_DYNAMIC_NO_PIC = NO;
				GCC_NO_COMMON_BLOCKS = YES;
				GCC_OPTIMIZATION_LEVEL = 0;
				GCC_PREPROCESSOR_DEFINITIONS = (
					"DEBUG=1",
					"$(inherited)",
				);
				GCC_WARN_64_TO_32_BIT_CONVERSION = YES;
				GCC_WARN_ABOUT_RETURN_TYPE = YES_ERROR;
				GCC_WARN_UNDECLARED_SELECTOR = YES;
				GCC_WARN_UNINITIALIZED_AUTOS = YES_AGGRESSIVE;
				GCC_WARN_UNUSED_FUNCTION = YES;
				GCC_WARN_UNUSED_VARIABLE = YES;
				IPHONEOS_DEPLOYMENT_TARGET = 13.1;
				MTL_ENABLE_DEBUG_INFO = INCLUDE_SOURCE;
				MTL_FAST_MATH = YES;
				ONLY_ACTIVE_ARCH = YES;
				SDKROOT = iphoneos;
				SWIFT_ACTIVE_COMPILATION_CONDITIONS = DEBUG;
				SWIFT_OPTIMIZATION_LEVEL = "-Onone";
			};
			name = Debug;
		};
		A238B2AA2362246C0061A50C /* Release */ = {
			isa = XCBuildConfiguration;
			buildSettings = {
				ALWAYS_SEARCH_USER_PATHS = NO;
				CLANG_ANALYZER_NONNULL = YES;
				CLANG_ANALYZER_NUMBER_OBJECT_CONVERSION = YES_AGGRESSIVE;
				CLANG_CXX_LANGUAGE_STANDARD = "gnu++14";
				CLANG_CXX_LIBRARY = "libc++";
				CLANG_ENABLE_MODULES = YES;
				CLANG_ENABLE_OBJC_ARC = YES;
				CLANG_ENABLE_OBJC_WEAK = YES;
				CLANG_WARN_BLOCK_CAPTURE_AUTORELEASING = YES;
				CLANG_WARN_BOOL_CONVERSION = YES;
				CLANG_WARN_COMMA = YES;
				CLANG_WARN_CONSTANT_CONVERSION = YES;
				CLANG_WARN_DEPRECATED_OBJC_IMPLEMENTATIONS = YES;
				CLANG_WARN_DIRECT_OBJC_ISA_USAGE = YES_ERROR;
				CLANG_WARN_DOCUMENTATION_COMMENTS = YES;
				CLANG_WARN_EMPTY_BODY = YES;
				CLANG_WARN_ENUM_CONVERSION = YES;
				CLANG_WARN_INFINITE_RECURSION = YES;
				CLANG_WARN_INT_CONVERSION = YES;
				CLANG_WARN_NON_LITERAL_NULL_CONVERSION = YES;
				CLANG_WARN_OBJC_IMPLICIT_RETAIN_SELF = YES;
				CLANG_WARN_OBJC_LITERAL_CONVERSION = YES;
				CLANG_WARN_OBJC_ROOT_CLASS = YES_ERROR;
				CLANG_WARN_RANGE_LOOP_ANALYSIS = YES;
				CLANG_WARN_STRICT_PROTOTYPES = YES;
				CLANG_WARN_SUSPICIOUS_MOVE = YES;
				CLANG_WARN_UNGUARDED_AVAILABILITY = YES_AGGRESSIVE;
				CLANG_WARN_UNREACHABLE_CODE = YES;
				CLANG_WARN__DUPLICATE_METHOD_MATCH = YES;
				COPY_PHASE_STRIP = NO;
				DEBUG_INFORMATION_FORMAT = "dwarf-with-dsym";
				ENABLE_NS_ASSERTIONS = NO;
				ENABLE_STRICT_OBJC_MSGSEND = YES;
				GCC_C_LANGUAGE_STANDARD = gnu11;
				GCC_NO_COMMON_BLOCKS = YES;
				GCC_WARN_64_TO_32_BIT_CONVERSION = YES;
				GCC_WARN_ABOUT_RETURN_TYPE = YES_ERROR;
				GCC_WARN_UNDECLARED_SELECTOR = YES;
				GCC_WARN_UNINITIALIZED_AUTOS = YES_AGGRESSIVE;
				GCC_WARN_UNUSED_FUNCTION = YES;
				GCC_WARN_UNUSED_VARIABLE = YES;
				IPHONEOS_DEPLOYMENT_TARGET = 13.1;
				MTL_ENABLE_DEBUG_INFO = NO;
				MTL_FAST_MATH = YES;
				SDKROOT = iphoneos;
				SWIFT_COMPILATION_MODE = wholemodule;
				SWIFT_OPTIMIZATION_LEVEL = "-O";
				VALIDATE_PRODUCT = YES;
			};
			name = Release;
		};
		A238B2AC2362246C0061A50C /* Debug */ = {
			isa = XCBuildConfiguration;
			buildSettings = {
				ASSETCATALOG_COMPILER_APPICON_NAME = AppIcon;
				CODE_SIGN_STYLE = Automatic;
				DEVELOPMENT_ASSET_PATHS = "\"Ripple_SwiftUI/Preview Content\"";
				DEVELOPMENT_TEAM = G9F9HW7U9F;
				ENABLE_PREVIEWS = YES;
				INFOPLIST_FILE = Ripple_SwiftUI/Info.plist;
				LD_RUNPATH_SEARCH_PATHS = (
					"$(inherited)",
					"@executable_path/Frameworks",
				);
				PRODUCT_BUNDLE_IDENTIFIER = "jfrazer.Ripple-SwiftUI";
				PRODUCT_NAME = "$(TARGET_NAME)";
				SWIFT_VERSION = 5.0;
				TARGETED_DEVICE_FAMILY = "1,2";
			};
			name = Debug;
		};
		A238B2AD2362246C0061A50C /* Release */ = {
			isa = XCBuildConfiguration;
			buildSettings = {
				ASSETCATALOG_COMPILER_APPICON_NAME = AppIcon;
				CODE_SIGN_STYLE = Automatic;
				DEVELOPMENT_ASSET_PATHS = "\"Ripple_SwiftUI/Preview Content\"";
				DEVELOPMENT_TEAM = G9F9HW7U9F;
				ENABLE_PREVIEWS = YES;
				INFOPLIST_FILE = Ripple_SwiftUI/Info.plist;
				LD_RUNPATH_SEARCH_PATHS = (
					"$(inherited)",
					"@executable_path/Frameworks",
				);
				PRODUCT_BUNDLE_IDENTIFIER = "jfrazer.Ripple-SwiftUI";
				PRODUCT_NAME = "$(TARGET_NAME)";
				SWIFT_VERSION = 5.0;
				TARGETED_DEVICE_FAMILY = "1,2";
			};
			name = Release;
		};
/* End XCBuildConfiguration section */

/* Begin XCConfigurationList section */
		A238B2922362246A0061A50C /* Build configuration list for PBXProject "Ripple_SwiftUI" */ = {
			isa = XCConfigurationList;
			buildConfigurations = (
				A238B2A92362246C0061A50C /* Debug */,
				A238B2AA2362246C0061A50C /* Release */,
			);
			defaultConfigurationIsVisible = 0;
			defaultConfigurationName = Release;
		};
		A238B2AB2362246C0061A50C /* Build configuration list for PBXNativeTarget "Ripple_SwiftUI" */ = {
			isa = XCConfigurationList;
			buildConfigurations = (
				A238B2AC2362246C0061A50C /* Debug */,
				A238B2AD2362246C0061A50C /* Release */,
			);
			defaultConfigurationIsVisible = 0;
			defaultConfigurationName = Release;
		};
/* End XCConfigurationList section */
	};
	rootObject = A238B28F2362246A0061A50C /* Project object */;
}
